
Microsoft Visual Studio Solution File, Format Version 12.00
# Visual Studio Version 17
VisualStudioVersion = 17.9.34526.213
MinimumVisualStudioVersion = 10.0.40219.1
Project("{FAE04EC0-301F-11D3-BF4B-00C04F79EFBC}") = "ExtensionMethodExample", "ExtensionMethodExample\ExtensionMethodExample.csproj", "{18DE67DC-525B-4492-B43A-7D983CBAEDD8}"
EndProject
Global
	GlobalSection(SolutionConfigurationPlatforms) = preSolution
		Debug|Any CPU = Debug|Any CPU
		Release|Any CPU = Release|Any CPU
	EndGlobalSection
	GlobalSection(ProjectConfigurationPlatforms) = postSolution
		{18DE67DC-525B-4492-B43A-7D983CBAEDD8}.Debug|Any CPU.ActiveCfg = Debug|Any CPU
		{18DE67DC-525B-4492-B43A-7D983CBAEDD8}.Debug|Any CPU.Build.0 = Debug|Any CPU
		{18DE67DC-525B-4492-B43A-7D983CBAEDD8}.Release|Any CPU.ActiveCfg = Release|Any CPU
		{18DE67DC-525B-4492-B43A-7D983CBAEDD8}.Release|Any CPU.Build.0 = Release|Any CPU
	EndGlobalSection
	GlobalSection(SolutionProperties) = preSolution
		HideSolutionNode = FALSE
	EndGlobalSection
	GlobalSection(ExtensibilityGlobals) = postSolution
		SolutionGuid = {94C95472-A25C-4CE6-AAD5-0F0A2A736855}
	EndGlobalSection
EndGlobal
